
Microsoft Visual Studio Solution File, Format Version 12.00
# Visual Studio Version 17
VisualStudioVersion = 17.13.35825.156 d17.13
MinimumVisualStudioVersion = 10.0.40219.1
Project("{FAE04EC0-301F-11D3-BF4B-00C04F79EFBC}") = "TestSystem-winForms", "TestSystem-winForms\TestSystem-winForms.csproj", "{58BBAF74-BF15-4C1A-A2F5-32FFD1D93C15}"
EndProject
Global
	GlobalSection(SolutionConfigurationPlatforms) = preSolution
		Debug|Any CPU = Debug|Any CPU
		Release|Any CPU = Release|Any CPU
	EndGlobalSection
	GlobalSection(ProjectConfigurationPlatforms) = postSolution
		{58BBAF74-BF15-4C1A-A2F5-32FFD1D93C15}.Debug|Any CPU.ActiveCfg = Debug|Any CPU
		{58BBAF74-BF15-4C1A-A2F5-32FFD1D93C15}.Debug|Any CPU.Build.0 = Debug|Any CPU
		{58BBAF74-BF15-4C1A-A2F5-32FFD1D93C15}.Release|Any CPU.ActiveCfg = Release|Any CPU
		{58BBAF74-BF15-4C1A-A2F5-32FFD1D93C15}.Release|Any CPU.Build.0 = Release|Any CPU
	EndGlobalSection
	GlobalSection(SolutionProperties) = preSolution
		HideSolutionNode = FALSE
	EndGlobalSection
	GlobalSection(ExtensibilityGlobals) = postSolution
		SolutionGuid = {5CE94728-0C98-4851-A3C2-F0D5096AA536}
	EndGlobalSection
EndGlobal
