
Microsoft Visual Studio Solution File, Format Version 12.00
# Visual Studio Version 17
VisualStudioVersion = 17.13.35825.156 d17.13
MinimumVisualStudioVersion = 10.0.40219.1
Project("{FAE04EC0-301F-11D3-BF4B-00C04F79EFBC}") = "ProductManagement", "ProductManagement\ProductManagement.csproj", "{7F95BCB5-C198-4DFC-A4C9-DCF67D46BD67}"
EndProject
Global
	GlobalSection(SolutionConfigurationPlatforms) = preSolution
		Debug|Any CPU = Debug|Any CPU
		Release|Any CPU = Release|Any CPU
	EndGlobalSection
	GlobalSection(ProjectConfigurationPlatforms) = postSolution
		{7F95BCB5-C198-4DFC-A4C9-DCF67D46BD67}.Debug|Any CPU.ActiveCfg = Debug|Any CPU
		{7F95BCB5-C198-4DFC-A4C9-DCF67D46BD67}.Debug|Any CPU.Build.0 = Debug|Any CPU
		{7F95BCB5-C198-4DFC-A4C9-DCF67D46BD67}.Release|Any CPU.ActiveCfg = Release|Any CPU
		{7F95BCB5-C198-4DFC-A4C9-DCF67D46BD67}.Release|Any CPU.Build.0 = Release|Any CPU
	EndGlobalSection
	GlobalSection(SolutionProperties) = preSolution
		HideSolutionNode = FALSE
	EndGlobalSection
	GlobalSection(ExtensibilityGlobals) = postSolution
		SolutionGuid = {B31F1247-631B-452C-889B-76F84BE741E8}
	EndGlobalSection
EndGlobal
